// !$*UTF8*$!
{
	archiveVersion = 1;
	classes = {
	};
	objectVersion = 46;
	objects = {

/* Begin PBXBuildFile section */
		A30ACCE8195AA9B40058C3BD /* BCCoreData.m in Sources */ = {isa = PBXBuildFile; fileRef = A30ACCE3195AA9B40058C3BD /* BCCoreData.m */; };
		A30ACCEA195AA9B40058C3BD /* BCDataHelper.m in Sources */ = {isa = PBXBuildFile; fileRef = A30ACCE7195AA9B40058C3BD /* BCDataHelper.m */; };
		A30ACCEF195AA9E30058C3BD /* Product.m in Sources */ = {isa = PBXBuildFile; fileRef = A30ACCEC195AA9E30058C3BD /* Product.m */; };
		A30ACCF0195AA9E30058C3BD /* Sales.m in Sources */ = {isa = PBXBuildFile; fileRef = A30ACCEE195AA9E30058C3BD /* Sales.m */; };
		A32A0ED31959203300287B2E /* Foundation.framework in Frameworks */ = {isa = PBXBuildFile; fileRef = A32A0ED21959203300287B2E /* Foundation.framework */; };
		A32A0ED51959203300287B2E /* CoreGraphics.framework in Frameworks */ = {isa = PBXBuildFile; fileRef = A32A0ED41959203300287B2E /* CoreGraphics.framework */; };
		A32A0ED71959203300287B2E /* UIKit.framework in Frameworks */ = {isa = PBXBuildFile; fileRef = A32A0ED61959203300287B2E /* UIKit.framework */; };
		A32A0EDD1959203300287B2E /* InfoPlist.strings in Resources */ = {isa = PBXBuildFile; fileRef = A32A0EDB1959203300287B2E /* InfoPlist.strings */; };
		A32A0EDF1959203300287B2E /* main.m in Sources */ = {isa = PBXBuildFile; fileRef = A32A0EDE1959203300287B2E /* main.m */; };
		A32A0EE31959203300287B2E /* BCAppDelegate.m in Sources */ = {isa = PBXBuildFile; fileRef = A32A0EE21959203300287B2E /* BCAppDelegate.m */; };
		A32A0EE61959203300287B2E /* Main.storyboard in Resources */ = {isa = PBXBuildFile; fileRef = A32A0EE41959203300287B2E /* Main.storyboard */; };
		A32A0EE91959203300287B2E /* BCViewController.m in Sources */ = {isa = PBXBuildFile; fileRef = A32A0EE81959203300287B2E /* BCViewController.m */; };
		A32A0EEB1959203300287B2E /* Images.xcassets in Resources */ = {isa = PBXBuildFile; fileRef = A32A0EEA1959203300287B2E /* Images.xcassets */; };
		A32A0EF21959203300287B2E /* XCTest.framework in Frameworks */ = {isa = PBXBuildFile; fileRef = A32A0EF11959203300287B2E /* XCTest.framework */; };
		A32A0EF31959203300287B2E /* Foundation.framework in Frameworks */ = {isa = PBXBuildFile; fileRef = A32A0ED21959203300287B2E /* Foundation.framework */; };
		A32A0EF41959203300287B2E /* UIKit.framework in Frameworks */ = {isa = PBXBuildFile; fileRef = A32A0ED61959203300287B2E /* UIKit.framework */; };
		A32A0EFC1959203300287B2E /* InfoPlist.strings in Resources */ = {isa = PBXBuildFile; fileRef = A32A0EFA1959203300287B2E /* InfoPlist.strings */; };
		A32A0EFE1959203300287B2E /* BarChartTests.m in Sources */ = {isa = PBXBuildFile; fileRef = A32A0EFD1959203300287B2E /* BarChartTests.m */; };
		A32A0F1E1959658500287B2E /* CoreData.framework in Frameworks */ = {isa = PBXBuildFile; fileRef = A32A0F1D1959658500287B2E /* CoreData.framework */; };
		A3668B241959B9720053D325 /* BarChart.xcdatamodeld in Sources */ = {isa = PBXBuildFile; fileRef = A3668B221959B9720053D325 /* BarChart.xcdatamodeld */; };
/* End PBXBuildFile section */

/* Begin PBXContainerItemProxy section */
		A32A0EF51959203300287B2E /* PBXContainerItemProxy */ = {
			isa = PBXContainerItemProxy;
			containerPortal = A32A0EC71959203300287B2E /* Project object */;
			proxyType = 1;
			remoteGlobalIDString = A32A0ECE1959203300287B2E;
			remoteInfo = BarChart;
		};
/* End PBXContainerItemProxy section */

/* Begin PBXFileReference section */
		A30ACCCE195A640A0058C3BD /* Utility.h */ = {isa = PBXFileReference; lastKnownFileType = sourcecode.c.h; path = Utility.h; sourceTree = "<group>"; };
		A30ACCE2195AA9B40058C3BD /* BCCoreData.h */ = {isa = PBXFileReference; fileEncoding = 4; lastKnownFileType = sourcecode.c.h; path = BCCoreData.h; sourceTree = "<group>"; };
		A30ACCE3195AA9B40058C3BD /* BCCoreData.m */ = {isa = PBXFileReference; fileEncoding = 4; lastKnownFileType = sourcecode.c.objc; path = BCCoreData.m; sourceTree = "<group>"; };
		A30ACCE6195AA9B40058C3BD /* BCDataHelper.h */ = {isa = PBXFileReference; fileEncoding = 4; lastKnownFileType = sourcecode.c.h; path = BCDataHelper.h; sourceTree = "<group>"; };
		A30ACCE7195AA9B40058C3BD /* BCDataHelper.m */ = {isa = PBXFileReference; fileEncoding = 4; lastKnownFileType = sourcecode.c.objc; path = BCDataHelper.m; sourceTree = "<group>"; };
		A30ACCEB195AA9E30058C3BD /* Product.h */ = {isa = PBXFileReference; fileEncoding = 4; lastKnownFileType = sourcecode.c.h; name = Product.h; path = BarChartData/Product.h; sourceTree = "<group>"; };
		A30ACCEC195AA9E30058C3BD /* Product.m */ = {isa = PBXFileReference; fileEncoding = 4; lastKnownFileType = sourcecode.c.objc; name = Product.m; path = BarChartData/Product.m; sourceTree = "<group>"; };
		A30ACCED195AA9E30058C3BD /* Sales.h */ = {isa = PBXFileReference; fileEncoding = 4; lastKnownFileType = sourcecode.c.h; name = Sales.h; path = BarChartData/Sales.h; sourceTree = "<group>"; };
		A30ACCEE195AA9E30058C3BD /* Sales.m */ = {isa = PBXFileReference; fileEncoding = 4; lastKnownFileType = sourcecode.c.objc; name = Sales.m; path = BarChartData/Sales.m; sourceTree = "<group>"; };
		A32A0ECF1959203300287B2E /* BarChart.app */ = {isa = PBXFileReference; explicitFileType = wrapper.application; includeInIndex = 0; path = BarChart.app; sourceTree = BUILT_PRODUCTS_DIR; };
		A32A0ED21959203300287B2E /* Foundation.framework */ = {isa = PBXFileReference; lastKnownFileType = wrapper.framework; name = Foundation.framework; path = System/Library/Frameworks/Foundation.framework; sourceTree = SDKROOT; };
		A32A0ED41959203300287B2E /* CoreGraphics.framework */ = {isa = PBXFileReference; lastKnownFileType = wrapper.framework; name = CoreGraphics.framework; path = System/Library/Frameworks/CoreGraphics.framework; sourceTree = SDKROOT; };
		A32A0ED61959203300287B2E /* UIKit.framework */ = {isa = PBXFileReference; lastKnownFileType = wrapper.framework; name = UIKit.framework; path = System/Library/Frameworks/UIKit.framework; sourceTree = SDKROOT; };
		A32A0EDA1959203300287B2E /* BarChart-Info.plist */ = {isa = PBXFileReference; lastKnownFileType = text.plist.xml; path = "BarChart-Info.plist"; sourceTree = "<group>"; };
		A32A0EDC1959203300287B2E /* en */ = {isa = PBXFileReference; lastKnownFileType = text.plist.strings; name = en; path = en.lproj/InfoPlist.strings; sourceTree = "<group>"; };
		A32A0EDE1959203300287B2E /* main.m */ = {isa = PBXFileReference; lastKnownFileType = sourcecode.c.objc; path = main.m; sourceTree = "<group>"; };
		A32A0EE01959203300287B2E /* BarChart-Prefix.pch */ = {isa = PBXFileReference; lastKnownFileType = sourcecode.c.h; path = "BarChart-Prefix.pch"; sourceTree = "<group>"; };
		A32A0EE11959203300287B2E /* BCAppDelegate.h */ = {isa = PBXFileReference; lastKnownFileType = sourcecode.c.h; path = BCAppDelegate.h; sourceTree = "<group>"; };
		A32A0EE21959203300287B2E /* BCAppDelegate.m */ = {isa = PBXFileReference; lastKnownFileType = sourcecode.c.objc; path = BCAppDelegate.m; sourceTree = "<group>"; };
		A32A0EE51959203300287B2E /* Base */ = {isa = PBXFileReference; lastKnownFileType = file.storyboard; name = Base; path = Base.lproj/Main.storyboard; sourceTree = "<group>"; };
		A32A0EE71959203300287B2E /* BCViewController.h */ = {isa = PBXFileReference; lastKnownFileType = sourcecode.c.h; path = BCViewController.h; sourceTree = "<group>"; };
		A32A0EE81959203300287B2E /* BCViewController.m */ = {isa = PBXFileReference; lastKnownFileType = sourcecode.c.objc; path = BCViewController.m; sourceTree = "<group>"; };
		A32A0EEA1959203300287B2E /* Images.xcassets */ = {isa = PBXFileReference; lastKnownFileType = folder.assetcatalog; path = Images.xcassets; sourceTree = "<group>"; };
		A32A0EF01959203300287B2E /* BarChartTests.xctest */ = {isa = PBXFileReference; explicitFileType = wrapper.cfbundle; includeInIndex = 0; path = BarChartTests.xctest; sourceTree = BUILT_PRODUCTS_DIR; };
		A32A0EF11959203300287B2E /* XCTest.framework */ = {isa = PBXFileReference; lastKnownFileType = wrapper.framework; name = XCTest.framework; path = Library/Frameworks/XCTest.framework; sourceTree = DEVELOPER_DIR; };
		A32A0EF91959203300287B2E /* BarChartTests-Info.plist */ = {isa = PBXFileReference; lastKnownFileType = text.plist.xml; path = "BarChartTests-Info.plist"; sourceTree = "<group>"; };
		A32A0EFB1959203300287B2E /* en */ = {isa = PBXFileReference; lastKnownFileType = text.plist.strings; name = en; path = en.lproj/InfoPlist.strings; sourceTree = "<group>"; };
		A32A0EFD1959203300287B2E /* BarChartTests.m */ = {isa = PBXFileReference; lastKnownFileType = sourcecode.c.objc; path = BarChartTests.m; sourceTree = "<group>"; };
		A32A0F1D1959658500287B2E /* CoreData.framework */ = {isa = PBXFileReference; lastKnownFileType = wrapper.framework; name = CoreData.framework; path = System/Library/Frameworks/CoreData.framework; sourceTree = SDKROOT; };
		A3668B231959B9720053D325 /* BarChart.xcdatamodel */ = {isa = PBXFileReference; lastKnownFileType = wrapper.xcdatamodel; path = BarChart.xcdatamodel; sourceTree = "<group>"; };
/* End PBXFileReference section */

/* Begin PBXFrameworksBuildPhase section */
		A32A0ECC1959203300287B2E /* Frameworks */ = {
			isa = PBXFrameworksBuildPhase;
			buildActionMask = 2147483647;
			files = (
				A32A0F1E1959658500287B2E /* CoreData.framework in Frameworks */,
				A32A0ED51959203300287B2E /* CoreGraphics.framework in Frameworks */,
				A32A0ED71959203300287B2E /* UIKit.framework in Frameworks */,
				A32A0ED31959203300287B2E /* Foundation.framework in Frameworks */,
			);
			runOnlyForDeploymentPostprocessing = 0;
		};
		A32A0EED1959203300287B2E /* Frameworks */ = {
			isa = PBXFrameworksBuildPhase;
			buildActionMask = 2147483647;
			files = (
				A32A0EF21959203300287B2E /* XCTest.framework in Frameworks */,
				A32A0EF41959203300287B2E /* UIKit.framework in Frameworks */,
				A32A0EF31959203300287B2E /* Foundation.framework in Frameworks */,
			);
			runOnlyForDeploymentPostprocessing = 0;
		};
/* End PBXFrameworksBuildPhase section */

/* Begin PBXGroup section */
		A30ACCE1195AA9B40058C3BD /* BCCoreData */ = {
			isa = PBXGroup;
			children = (
				A30ACCE2195AA9B40058C3BD /* BCCoreData.h */,
				A30ACCE3195AA9B40058C3BD /* BCCoreData.m */,
				A30ACCE6195AA9B40058C3BD /* BCDataHelper.h */,
				A30ACCE7195AA9B40058C3BD /* BCDataHelper.m */,
			);
			path = BCCoreData;
			sourceTree = "<group>";
		};
		A32A0EC61959203300287B2E = {
			isa = PBXGroup;
			children = (
				A32A0ED81959203300287B2E /* BarChart */,
				A32A0EF71959203300287B2E /* BarChartTests */,
				A32A0ED11959203300287B2E /* Frameworks */,
				A32A0ED01959203300287B2E /* Products */,
			);
			sourceTree = "<group>";
		};
		A32A0ED01959203300287B2E /* Products */ = {
			isa = PBXGroup;
			children = (
				A32A0ECF1959203300287B2E /* BarChart.app */,
				A32A0EF01959203300287B2E /* BarChartTests.xctest */,
			);
			name = Products;
			sourceTree = "<group>";
		};
		A32A0ED11959203300287B2E /* Frameworks */ = {
			isa = PBXGroup;
			children = (
				A32A0F1D1959658500287B2E /* CoreData.framework */,
				A32A0ED21959203300287B2E /* Foundation.framework */,
				A32A0ED41959203300287B2E /* CoreGraphics.framework */,
				A32A0ED61959203300287B2E /* UIKit.framework */,
				A32A0EF11959203300287B2E /* XCTest.framework */,
			);
			name = Frameworks;
			sourceTree = "<group>";
		};
		A32A0ED81959203300287B2E /* BarChart */ = {
			isa = PBXGroup;
			children = (
				A32A0EE11959203300287B2E /* BCAppDelegate.h */,
				A32A0EE21959203300287B2E /* BCAppDelegate.m */,
				A32A0EE41959203300287B2E /* Main.storyboard */,
				A32A0EE71959203300287B2E /* BCViewController.h */,
				A32A0EE81959203300287B2E /* BCViewController.m */,
				A30ACCE1195AA9B40058C3BD /* BCCoreData */,
				A3668B2E1959C73A0053D325 /* BarChartData */,
				A32A0EEA1959203300287B2E /* Images.xcassets */,
				A32A0ED91959203300287B2E /* Supporting Files */,
			);
			path = BarChart;
			sourceTree = "<group>";
		};
		A32A0ED91959203300287B2E /* Supporting Files */ = {
			isa = PBXGroup;
			children = (
				A30ACCCE195A640A0058C3BD /* Utility.h */,
				A32A0EDA1959203300287B2E /* BarChart-Info.plist */,
				A32A0EDB1959203300287B2E /* InfoPlist.strings */,
				A32A0EDE1959203300287B2E /* main.m */,
				A32A0EE01959203300287B2E /* BarChart-Prefix.pch */,
			);
			name = "Supporting Files";
			sourceTree = "<group>";
		};
		A32A0EF71959203300287B2E /* BarChartTests */ = {
			isa = PBXGroup;
			children = (
				A32A0EFD1959203300287B2E /* BarChartTests.m */,
				A32A0EF81959203300287B2E /* Supporting Files */,
			);
			path = BarChartTests;
			sourceTree = "<group>";
		};
		A32A0EF81959203300287B2E /* Supporting Files */ = {
			isa = PBXGroup;
			children = (
				A32A0EF91959203300287B2E /* BarChartTests-Info.plist */,
				A32A0EFA1959203300287B2E /* InfoPlist.strings */,
			);
			name = "Supporting Files";
			sourceTree = "<group>";
		};
		A3668B2E1959C73A0053D325 /* BarChartData */ = {
			isa = PBXGroup;
			children = (
				A30ACCEB195AA9E30058C3BD /* Product.h */,
				A30ACCEC195AA9E30058C3BD /* Product.m */,
				A30ACCED195AA9E30058C3BD /* Sales.h */,
				A30ACCEE195AA9E30058C3BD /* Sales.m */,
				A3668B221959B9720053D325 /* BarChart.xcdatamodeld */,
			);
			name = BarChartData;
			sourceTree = "<group>";
		};
/* End PBXGroup section */

/* Begin PBXNativeTarget section */
		A32A0ECE1959203300287B2E /* BarChart */ = {
			isa = PBXNativeTarget;
			buildConfigurationList = A32A0F011959203300287B2E /* Build configuration list for PBXNativeTarget "BarChart" */;
			buildPhases = (
				A32A0ECB1959203300287B2E /* Sources */,
				A32A0ECC1959203300287B2E /* Frameworks */,
				A32A0ECD1959203300287B2E /* Resources */,
			);
			buildRules = (
			);
			dependencies = (
			);
			name = BarChart;
			productName = BarChart;
			productReference = A32A0ECF1959203300287B2E /* BarChart.app */;
			productType = "com.apple.product-type.application";
		};
		A32A0EEF1959203300287B2E /* BarChartTests */ = {
			isa = PBXNativeTarget;
			buildConfigurationList = A32A0F041959203300287B2E /* Build configuration list for PBXNativeTarget "BarChartTests" */;
			buildPhases = (
				A32A0EEC1959203300287B2E /* Sources */,
				A32A0EED1959203300287B2E /* Frameworks */,
				A32A0EEE1959203300287B2E /* Resources */,
			);
			buildRules = (
			);
			dependencies = (
				A32A0EF61959203300287B2E /* PBXTargetDependency */,
			);
			name = BarChartTests;
			productName = BarChartTests;
			productReference = A32A0EF01959203300287B2E /* BarChartTests.xctest */;
			productType = "com.apple.product-type.bundle.unit-test";
		};
/* End PBXNativeTarget section */

/* Begin PBXProject section */
		A32A0EC71959203300287B2E /* Project object */ = {
			isa = PBXProject;
			attributes = {
				CLASSPREFIX = BC;
				LastUpgradeCheck = 0510;
				ORGANIZATIONNAME = skswkd5;
				TargetAttributes = {
					A32A0EEF1959203300287B2E = {
						TestTargetID = A32A0ECE1959203300287B2E;
					};
				};
			};
			buildConfigurationList = A32A0ECA1959203300287B2E /* Build configuration list for PBXProject "BarChart" */;
			compatibilityVersion = "Xcode 3.2";
			developmentRegion = English;
			hasScannedForEncodings = 0;
			knownRegions = (
				en,
				Base,
			);
			mainGroup = A32A0EC61959203300287B2E;
			productRefGroup = A32A0ED01959203300287B2E /* Products */;
			projectDirPath = "";
			projectRoot = "";
			targets = (
				A32A0ECE1959203300287B2E /* BarChart */,
				A32A0EEF1959203300287B2E /* BarChartTests */,
			);
		};
/* End PBXProject section */

/* Begin PBXResourcesBuildPhase section */
		A32A0ECD1959203300287B2E /* Resources */ = {
			isa = PBXResourcesBuildPhase;
			buildActionMask = 2147483647;
			files = (
				A32A0EEB1959203300287B2E /* Images.xcassets in Resources */,
				A32A0EDD1959203300287B2E /* InfoPlist.strings in Resources */,
				A32A0EE61959203300287B2E /* Main.storyboard in Resources */,
			);
			runOnlyForDeploymentPostprocessing = 0;
		};
		A32A0EEE1959203300287B2E /* Resources */ = {
			isa = PBXResourcesBuildPhase;
			buildActionMask = 2147483647;
			files = (
				A32A0EFC1959203300287B2E /* InfoPlist.strings in Resources */,
			);
			runOnlyForDeploymentPostprocessing = 0;
		};
/* End PBXResourcesBuildPhase section */

/* Begin PBXSourcesBuildPhase section */
		A32A0ECB1959203300287B2E /* Sources */ = {
			isa = PBXSourcesBuildPhase;
			buildActionMask = 2147483647;
			files = (
				A30ACCF0195AA9E30058C3BD /* Sales.m in Sources */,
				A30ACCE8195AA9B40058C3BD /* BCCoreData.m in Sources */,
				A3668B241959B9720053D325 /* BarChart.xcdatamodeld in Sources */,
				A30ACCEA195AA9B40058C3BD /* BCDataHelper.m in Sources */,
				A32A0EE91959203300287B2E /* BCViewController.m in Sources */,
				A30ACCEF195AA9E30058C3BD /* Product.m in Sources */,
				A32A0EDF1959203300287B2E /* main.m in Sources */,
				A32A0EE31959203300287B2E /* BCAppDelegate.m in Sources */,
			);
			runOnlyForDeploymentPostprocessing = 0;
		};
		A32A0EEC1959203300287B2E /* Sources */ = {
			isa = PBXSourcesBuildPhase;
			buildActionMask = 2147483647;
			files = (
				A32A0EFE1959203300287B2E /* BarChartTests.m in Sources */,
			);
			runOnlyForDeploymentPostprocessing = 0;
		};
/* End PBXSourcesBuildPhase section */

/* Begin PBXTargetDependency section */
		A32A0EF61959203300287B2E /* PBXTargetDependency */ = {
			isa = PBXTargetDependency;
			target = A32A0ECE1959203300287B2E /* BarChart */;
			targetProxy = A32A0EF51959203300287B2E /* PBXContainerItemProxy */;
		};
/* End PBXTargetDependency section */

/* Begin PBXVariantGroup section */
		A32A0EDB1959203300287B2E /* InfoPlist.strings */ = {
			isa = PBXVariantGroup;
			children = (
				A32A0EDC1959203300287B2E /* en */,
			);
			name = InfoPlist.strings;
			sourceTree = "<group>";
		};
		A32A0EE41959203300287B2E /* Main.storyboard */ = {
			isa = PBXVariantGroup;
			children = (
				A32A0EE51959203300287B2E /* Base */,
			);
			name = Main.storyboard;
			sourceTree = "<group>";
		};
		A32A0EFA1959203300287B2E /* InfoPlist.strings */ = {
			isa = PBXVariantGroup;
			children = (
				A32A0EFB1959203300287B2E /* en */,
			);
			name = InfoPlist.strings;
			sourceTree = "<group>";
		};
/* End PBXVariantGroup section */

/* Begin XCBuildConfiguration section */
		A32A0EFF1959203300287B2E /* Debug */ = {
			isa = XCBuildConfiguration;
			buildSettings = {
				ALWAYS_SEARCH_USER_PATHS = NO;
				CLANG_CXX_LANGUAGE_STANDARD = "gnu++0x";
				CLANG_CXX_LIBRARY = "libc++";
				CLANG_ENABLE_MODULES = YES;
				CLANG_ENABLE_OBJC_ARC = YES;
				CLANG_WARN_BOOL_CONVERSION = YES;
				CLANG_WARN_CONSTANT_CONVERSION = YES;
				CLANG_WARN_DIRECT_OBJC_ISA_USAGE = YES_ERROR;
				CLANG_WARN_EMPTY_BODY = YES;
				CLANG_WARN_ENUM_CONVERSION = YES;
				CLANG_WARN_INT_CONVERSION = YES;
				CLANG_WARN_OBJC_ROOT_CLASS = YES_ERROR;
				CLANG_WARN__DUPLICATE_METHOD_MATCH = YES;
				"CODE_SIGN_IDENTITY[sdk=iphoneos*]" = "iPhone Developer";
				COPY_PHASE_STRIP = NO;
				GCC_C_LANGUAGE_STANDARD = gnu99;
				GCC_DYNAMIC_NO_PIC = NO;
				GCC_OPTIMIZATION_LEVEL = 0;
				GCC_PREPROCESSOR_DEFINITIONS = (
					"DEBUG=1",
					"$(inherited)",
				);
				GCC_SYMBOLS_PRIVATE_EXTERN = NO;
				GCC_WARN_64_TO_32_BIT_CONVERSION = YES;
				GCC_WARN_ABOUT_RETURN_TYPE = YES_ERROR;
				GCC_WARN_UNDECLARED_SELECTOR = YES;
				GCC_WARN_UNINITIALIZED_AUTOS = YES_AGGRESSIVE;
				GCC_WARN_UNUSED_FUNCTION = YES;
				GCC_WARN_UNUSED_VARIABLE = YES;
				IPHONEOS_DEPLOYMENT_TARGET = 7.1;
				ONLY_ACTIVE_ARCH = YES;
				SDKROOT = iphoneos;
			};
			name = Debug;
		};
		A32A0F001959203300287B2E /* Release */ = {
			isa = XCBuildConfiguration;
			buildSettings = {
				ALWAYS_SEARCH_USER_PATHS = NO;
				CLANG_CXX_LANGUAGE_STANDARD = "gnu++0x";
				CLANG_CXX_LIBRARY = "libc++";
				CLANG_ENABLE_MODULES = YES;
				CLANG_ENABLE_OBJC_ARC = YES;
				CLANG_WARN_BOOL_CONVERSION = YES;
				CLANG_WARN_CONSTANT_CONVERSION = YES;
				CLANG_WARN_DIRECT_OBJC_ISA_USAGE = YES_ERROR;
				CLANG_WARN_EMPTY_BODY = YES;
				CLANG_WARN_ENUM_CONVERSION = YES;
				CLANG_WARN_INT_CONVERSION = YES;
				CLANG_WARN_OBJC_ROOT_CLASS = YES_ERROR;
				CLANG_WARN__DUPLICATE_METHOD_MATCH = YES;
				"CODE_SIGN_IDENTITY[sdk=iphoneos*]" = "iPhone Developer";
				COPY_PHASE_STRIP = YES;
				ENABLE_NS_ASSERTIONS = NO;
				GCC_C_LANGUAGE_STANDARD = gnu99;
				GCC_WARN_64_TO_32_BIT_CONVERSION = YES;
				GCC_WARN_ABOUT_RETURN_TYPE = YES_ERROR;
				GCC_WARN_UNDECLARED_SELECTOR = YES;
				GCC_WARN_UNINITIALIZED_AUTOS = YES_AGGRESSIVE;
				GCC_WARN_UNUSED_FUNCTION = YES;
				GCC_WARN_UNUSED_VARIABLE = YES;
				IPHONEOS_DEPLOYMENT_TARGET = 7.1;
				SDKROOT = iphoneos;
				VALIDATE_PRODUCT = YES;
			};
			name = Release;
		};
		A32A0F021959203300287B2E /* Debug */ = {
			isa = XCBuildConfiguration;
			buildSettings = {
				ASSETCATALOG_COMPILER_APPICON_NAME = AppIcon;
				ASSETCATALOG_COMPILER_LAUNCHIMAGE_NAME = LaunchImage;
				GCC_PRECOMPILE_PREFIX_HEADER = YES;
				GCC_PREFIX_HEADER = "BarChart/BarChart-Prefix.pch";
				INFOPLIST_FILE = "BarChart/BarChart-Info.plist";
				PRODUCT_NAME = "$(TARGET_NAME)";
				WRAPPER_EXTENSION = app;
			};
			name = Debug;
		};
		A32A0F031959203300287B2E /* Release */ = {
			isa = XCBuildConfiguration;
			buildSettings = {
				ASSETCATALOG_COMPILER_APPICON_NAME = AppIcon;
				ASSETCATALOG_COMPILER_LAUNCHIMAGE_NAME = LaunchImage;
				GCC_PRECOMPILE_PREFIX_HEADER = YES;
				GCC_PREFIX_HEADER = "BarChart/BarChart-Prefix.pch";
				INFOPLIST_FILE = "BarChart/BarChart-Info.plist";
				PRODUCT_NAME = "$(TARGET_NAME)";
				WRAPPER_EXTENSION = app;
			};
			name = Release;
		};
		A32A0F051959203300287B2E /* Debug */ = {
			isa = XCBuildConfiguration;
			buildSettings = {
				BUNDLE_LOADER = "$(BUILT_PRODUCTS_DIR)/BarChart.app/BarChart";
				FRAMEWORK_SEARCH_PATHS = (
					"$(SDKROOT)/Developer/Library/Frameworks",
					"$(inherited)",
					"$(DEVELOPER_FRAMEWORKS_DIR)",
				);
				GCC_PRECOMPILE_PREFIX_HEADER = YES;
				GCC_PREFIX_HEADER = "BarChart/BarChart-Prefix.pch";
				GCC_PREPROCESSOR_DEFINITIONS = (
					"DEBUG=1",
					"$(inherited)",
				);
				INFOPLIST_FILE = "BarChartTests/BarChartTests-Info.plist";
				PRODUCT_NAME = "$(TARGET_NAME)";
				TEST_HOST = "$(BUNDLE_LOADER)";
				WRAPPER_EXTENSION = xctest;
			};
			name = Debug;
		};
		A32A0F061959203300287B2E /* Release */ = {
			isa = XCBuildConfiguration;
			buildSettings = {
				BUNDLE_LOADER = "$(BUILT_PRODUCTS_DIR)/BarChart.app/BarChart";
				FRAMEWORK_SEARCH_PATHS = (
					"$(SDKROOT)/Developer/Library/Frameworks",
					"$(inherited)",
					"$(DEVELOPER_FRAMEWORKS_DIR)",
				);
				GCC_PRECOMPILE_PREFIX_HEADER = YES;
				GCC_PREFIX_HEADER = "BarChart/BarChart-Prefix.pch";
				INFOPLIST_FILE = "BarChartTests/BarChartTests-Info.plist";
				PRODUCT_NAME = "$(TARGET_NAME)";
				TEST_HOST = "$(BUNDLE_LOADER)";
				WRAPPER_EXTENSION = xctest;
			};
			name = Release;
		};
/* End XCBuildConfiguration section */

/* Begin XCConfigurationList section */
		A32A0ECA1959203300287B2E /* Build configuration list for PBXProject "BarChart" */ = {
			isa = XCConfigurationList;
			buildConfigurations = (
				A32A0EFF1959203300287B2E /* Debug */,
				A32A0F001959203300287B2E /* Release */,
			);
			defaultConfigurationIsVisible = 0;
			defaultConfigurationName = Release;
		};
		A32A0F011959203300287B2E /* Build configuration list for PBXNativeTarget "BarChart" */ = {
			isa = XCConfigurationList;
			buildConfigurations = (
				A32A0F021959203300287B2E /* Debug */,
				A32A0F031959203300287B2E /* Release */,
			);
			defaultConfigurationIsVisible = 0;
			defaultConfigurationName = Release;
		};
		A32A0F041959203300287B2E /* Build configuration list for PBXNativeTarget "BarChartTests" */ = {
			isa = XCConfigurationList;
			buildConfigurations = (
				A32A0F051959203300287B2E /* Debug */,
				A32A0F061959203300287B2E /* Release */,
			);
			defaultConfigurationIsVisible = 0;
			defaultConfigurationName = Release;
		};
/* End XCConfigurationList section */

/* Begin XCVersionGroup section */
		A3668B221959B9720053D325 /* BarChart.xcdatamodeld */ = {
			isa = XCVersionGroup;
			children = (
				A3668B231959B9720053D325 /* BarChart.xcdatamodel */,
			);
			currentVersion = A3668B231959B9720053D325 /* BarChart.xcdatamodel */;
			path = BarChart.xcdatamodeld;
			sourceTree = "<group>";
			versionGroupType = wrapper.xcdatamodel;
		};
/* End XCVersionGroup section */
	};
	rootObject = A32A0EC71959203300287B2E /* Project object */;
}
